
Microsoft Visual Studio Solution File, Format Version 12.00
# Visual Studio 2015
Project("{FAE04EC0-301F-11D3-BF4B-00C04F79EFBC}") = "CameraMoveTesting2", "CameraMoveTesting2.csproj", "{3E0468E8-BC8C-A87D-DD10-7EFD59ADB60B}"
EndProject
Global
	GlobalSection(SolutionConfigurationPlatforms) = preSolution
		Debug|Any CPU = Debug|Any CPU
		Release|Any CPU = Release|Any CPU
	EndGlobalSection
	GlobalSection(ProjectConfigurationPlatforms) = postSolution
		{3E0468E8-BC8C-A87D-DD10-7EFD59ADB60B}.Debug|Any CPU.ActiveCfg = Debug|Any CPU
		{3E0468E8-BC8C-A87D-DD10-7EFD59ADB60B}.Debug|Any CPU.Build.0 = Debug|Any CPU
		{3E0468E8-BC8C-A87D-DD10-7EFD59ADB60B}.Release|Any CPU.ActiveCfg = Release|Any CPU
		{3E0468E8-BC8C-A87D-DD10-7EFD59ADB60B}.Release|Any CPU.Build.0 = Release|Any CPU
	EndGlobalSection
	GlobalSection(SolutionProperties) = preSolution
		HideSolutionNode = FALSE
	EndGlobalSection
EndGlobal
